
Microsoft Visual Studio Solution File, Format Version 12.00
# Visual Studio Version 17
VisualStudioVersion = 17.14.36930.0 d17.14
MinimumVisualStudioVersion = 10.0.40219.1
Project("{FAE04EC0-301F-11D3-BF4B-00C04F79EFBC}") = "PracticaCV_JairoEY", "PracticaCV_JairoEY\PracticaCV_JairoEY.csproj", "{C7940E35-66AD-448D-8E66-8C41B7225D66}"
EndProject
Global
	GlobalSection(SolutionConfigurationPlatforms) = preSolution
		Debug|Any CPU = Debug|Any CPU
		Release|Any CPU = Release|Any CPU
	EndGlobalSection
	GlobalSection(ProjectConfigurationPlatforms) = postSolution
		{C7940E35-66AD-448D-8E66-8C41B7225D66}.Debug|Any CPU.ActiveCfg = Debug|Any CPU
		{C7940E35-66AD-448D-8E66-8C41B7225D66}.Debug|Any CPU.Build.0 = Debug|Any CPU
		{C7940E35-66AD-448D-8E66-8C41B7225D66}.Release|Any CPU.ActiveCfg = Release|Any CPU
		{C7940E35-66AD-448D-8E66-8C41B7225D66}.Release|Any CPU.Build.0 = Release|Any CPU
	EndGlobalSection
	GlobalSection(SolutionProperties) = preSolution
		HideSolutionNode = FALSE
	EndGlobalSection
	GlobalSection(ExtensibilityGlobals) = postSolution
		SolutionGuid = {BF88A2E7-C966-459D-9B2F-C22A46681432}
	EndGlobalSection
EndGlobal
